// !$*UTF8*$!
{
	archiveVersion = 1;
	classes = {
	};
	objectVersion = 46;
	objects = {

/* Begin PBXBuildFile section */
		043A097D1EDDEE8A00E5A30A /* MapViewController.swift in Sources */ = {isa = PBXBuildFile; fileRef = 043A097C1EDDEE8A00E5A30A /* MapViewController.swift */; };
		045909AD1EDFC82000AE8EAE /* ForgotPasswordViewController.swift in Sources */ = {isa = PBXBuildFile; fileRef = 045909AC1EDFC82000AE8EAE /* ForgotPasswordViewController.swift */; };
		045909AF1EDFEAEE00AE8EAE /* LogInSignUpViewController.swift in Sources */ = {isa = PBXBuildFile; fileRef = 045909AE1EDFEAEE00AE8EAE /* LogInSignUpViewController.swift */; };
		045909B11EDFF87C00AE8EAE /* SignUpViewController.swift in Sources */ = {isa = PBXBuildFile; fileRef = 045909B01EDFF87C00AE8EAE /* SignUpViewController.swift */; };
		045909B31EDFF9D000AE8EAE /* DisplayNameViewController.swift in Sources */ = {isa = PBXBuildFile; fileRef = 045909B21EDFF9D000AE8EAE /* DisplayNameViewController.swift */; };
		045909B51EDFFA0F00AE8EAE /* DisplayPicViewController.swift in Sources */ = {isa = PBXBuildFile; fileRef = 045909B41EDFFA0F00AE8EAE /* DisplayPicViewController.swift */; };
		04ABA03B1EDD10ED00A76546 /* AppDelegate.swift in Sources */ = {isa = PBXBuildFile; fileRef = 04ABA03A1EDD10ED00A76546 /* AppDelegate.swift */; };
		04ABA03D1EDD10ED00A76546 /* SignInViewController.swift in Sources */ = {isa = PBXBuildFile; fileRef = 04ABA03C1EDD10ED00A76546 /* SignInViewController.swift */; };
		04ABA0401EDD10ED00A76546 /* Main.storyboard in Resources */ = {isa = PBXBuildFile; fileRef = 04ABA03E1EDD10ED00A76546 /* Main.storyboard */; };
		04ABA0421EDD10ED00A76546 /* Assets.xcassets in Resources */ = {isa = PBXBuildFile; fileRef = 04ABA0411EDD10ED00A76546 /* Assets.xcassets */; };
		04ABA0451EDD10ED00A76546 /* LaunchScreen.storyboard in Resources */ = {isa = PBXBuildFile; fileRef = 04ABA0431EDD10ED00A76546 /* LaunchScreen.storyboard */; };
		04ABA04D1EDD114300A76546 /* GoogleService-Info.plist in Resources */ = {isa = PBXBuildFile; fileRef = 04ABA04C1EDD114300A76546 /* GoogleService-Info.plist */; };
		D833E5989E8FD7F4BC7A2D7E /* Pods_Gotaku.framework in Frameworks */ = {isa = PBXBuildFile; fileRef = B0B1C0BDD88253B64D21782B /* Pods_Gotaku.framework */; };
/* End PBXBuildFile section */

/* Begin PBXFileReference section */
		043A097C1EDDEE8A00E5A30A /* MapViewController.swift */ = {isa = PBXFileReference; fileEncoding = 4; lastKnownFileType = sourcecode.swift; path = MapViewController.swift; sourceTree = "<group>"; };
		045909AC1EDFC82000AE8EAE /* ForgotPasswordViewController.swift */ = {isa = PBXFileReference; fileEncoding = 4; lastKnownFileType = sourcecode.swift; path = ForgotPasswordViewController.swift; sourceTree = "<group>"; };
		045909AE1EDFEAEE00AE8EAE /* LogInSignUpViewController.swift */ = {isa = PBXFileReference; fileEncoding = 4; lastKnownFileType = sourcecode.swift; path = LogInSignUpViewController.swift; sourceTree = "<group>"; };
		045909B01EDFF87C00AE8EAE /* SignUpViewController.swift */ = {isa = PBXFileReference; fileEncoding = 4; lastKnownFileType = sourcecode.swift; path = SignUpViewController.swift; sourceTree = "<group>"; };
		045909B21EDFF9D000AE8EAE /* DisplayNameViewController.swift */ = {isa = PBXFileReference; fileEncoding = 4; lastKnownFileType = sourcecode.swift; path = DisplayNameViewController.swift; sourceTree = "<group>"; };
		045909B41EDFFA0F00AE8EAE /* DisplayPicViewController.swift */ = {isa = PBXFileReference; fileEncoding = 4; lastKnownFileType = sourcecode.swift; path = DisplayPicViewController.swift; sourceTree = "<group>"; };
		04ABA0371EDD10ED00A76546 /* Gotaku.app */ = {isa = PBXFileReference; explicitFileType = wrapper.application; includeInIndex = 0; path = Gotaku.app; sourceTree = BUILT_PRODUCTS_DIR; };
		04ABA03A1EDD10ED00A76546 /* AppDelegate.swift */ = {isa = PBXFileReference; lastKnownFileType = sourcecode.swift; path = AppDelegate.swift; sourceTree = "<group>"; };
		04ABA03C1EDD10ED00A76546 /* SignInViewController.swift */ = {isa = PBXFileReference; lastKnownFileType = sourcecode.swift; path = SignInViewController.swift; sourceTree = "<group>"; };
		04ABA03F1EDD10ED00A76546 /* Base */ = {isa = PBXFileReference; lastKnownFileType = file.storyboard; name = Base; path = Base.lproj/Main.storyboard; sourceTree = "<group>"; };
		04ABA0411EDD10ED00A76546 /* Assets.xcassets */ = {isa = PBXFileReference; lastKnownFileType = folder.assetcatalog; path = Assets.xcassets; sourceTree = "<group>"; };
		04ABA0441EDD10ED00A76546 /* Base */ = {isa = PBXFileReference; lastKnownFileType = file.storyboard; name = Base; path = Base.lproj/LaunchScreen.storyboard; sourceTree = "<group>"; };
		04ABA0461EDD10ED00A76546 /* Info.plist */ = {isa = PBXFileReference; lastKnownFileType = text.plist.xml; path = Info.plist; sourceTree = "<group>"; };
		04ABA04C1EDD114300A76546 /* GoogleService-Info.plist */ = {isa = PBXFileReference; fileEncoding = 4; lastKnownFileType = text.plist.xml; path = "GoogleService-Info.plist"; sourceTree = "<group>"; };
		56ACEFC30004CA38D00D30E1 /* Pods-Gotaku.debug.xcconfig */ = {isa = PBXFileReference; includeInIndex = 1; lastKnownFileType = text.xcconfig; name = "Pods-Gotaku.debug.xcconfig"; path = "Pods/Target Support Files/Pods-Gotaku/Pods-Gotaku.debug.xcconfig"; sourceTree = "<group>"; };
		632CDBC9AC9C0CFDF6DCB66F /* Pods-Gotaku.release.xcconfig */ = {isa = PBXFileReference; includeInIndex = 1; lastKnownFileType = text.xcconfig; name = "Pods-Gotaku.release.xcconfig"; path = "Pods/Target Support Files/Pods-Gotaku/Pods-Gotaku.release.xcconfig"; sourceTree = "<group>"; };
		B0B1C0BDD88253B64D21782B /* Pods_Gotaku.framework */ = {isa = PBXFileReference; explicitFileType = wrapper.framework; includeInIndex = 0; path = Pods_Gotaku.framework; sourceTree = BUILT_PRODUCTS_DIR; };
/* End PBXFileReference section */

/* Begin PBXFrameworksBuildPhase section */
		04ABA0341EDD10ED00A76546 /* Frameworks */ = {
			isa = PBXFrameworksBuildPhase;
			buildActionMask = 2147483647;
			files = (
				D833E5989E8FD7F4BC7A2D7E /* Pods_Gotaku.framework in Frameworks */,
			);
			runOnlyForDeploymentPostprocessing = 0;
		};
/* End PBXFrameworksBuildPhase section */

/* Begin PBXGroup section */
		04ABA02E1EDD10ED00A76546 = {
			isa = PBXGroup;
			children = (
				04ABA0391EDD10ED00A76546 /* Gotaku */,
				04ABA0381EDD10ED00A76546 /* Products */,
				774FCE91F9E2FFB37845EE4D /* Pods */,
				55E950699F8A446669A7A726 /* Frameworks */,
			);
			sourceTree = "<group>";
		};
		04ABA0381EDD10ED00A76546 /* Products */ = {
			isa = PBXGroup;
			children = (
				04ABA0371EDD10ED00A76546 /* Gotaku.app */,
			);
			name = Products;
			sourceTree = "<group>";
		};
		04ABA0391EDD10ED00A76546 /* Gotaku */ = {
			isa = PBXGroup;
			children = (
				04ABA03A1EDD10ED00A76546 /* AppDelegate.swift */,
				045909B01EDFF87C00AE8EAE /* SignUpViewController.swift */,
				04ABA03C1EDD10ED00A76546 /* SignInViewController.swift */,
				04ABA03E1EDD10ED00A76546 /* Main.storyboard */,
				045909B41EDFFA0F00AE8EAE /* DisplayPicViewController.swift */,
				045909B21EDFF9D000AE8EAE /* DisplayNameViewController.swift */,
				045909AE1EDFEAEE00AE8EAE /* LogInSignUpViewController.swift */,
				045909AC1EDFC82000AE8EAE /* ForgotPasswordViewController.swift */,
				043A097C1EDDEE8A00E5A30A /* MapViewController.swift */,
				04ABA0411EDD10ED00A76546 /* Assets.xcassets */,
				04ABA0431EDD10ED00A76546 /* LaunchScreen.storyboard */,
				04ABA0461EDD10ED00A76546 /* Info.plist */,
				04ABA04C1EDD114300A76546 /* GoogleService-Info.plist */,
			);
			path = Gotaku;
			sourceTree = "<group>";
		};
		55E950699F8A446669A7A726 /* Frameworks */ = {
			isa = PBXGroup;
			children = (
				B0B1C0BDD88253B64D21782B /* Pods_Gotaku.framework */,
			);
			name = Frameworks;
			sourceTree = "<group>";
		};
		774FCE91F9E2FFB37845EE4D /* Pods */ = {
			isa = PBXGroup;
			children = (
				56ACEFC30004CA38D00D30E1 /* Pods-Gotaku.debug.xcconfig */,
				632CDBC9AC9C0CFDF6DCB66F /* Pods-Gotaku.release.xcconfig */,
			);
			name = Pods;
			sourceTree = "<group>";
		};
/* End PBXGroup section */

/* Begin PBXNativeTarget section */
		04ABA0361EDD10ED00A76546 /* Gotaku */ = {
			isa = PBXNativeTarget;
			buildConfigurationList = 04ABA0491EDD10ED00A76546 /* Build configuration list for PBXNativeTarget "Gotaku" */;
			buildPhases = (
				E1F7433B46D52A61351FAE61 /* [CP] Check Pods Manifest.lock */,
				04ABA0331EDD10ED00A76546 /* Sources */,
				04ABA0341EDD10ED00A76546 /* Frameworks */,
				04ABA0351EDD10ED00A76546 /* Resources */,
				A2485E9D899432D20B621061 /* [CP] Embed Pods Frameworks */,
				130ADC117FEAEF037FE731AF /* [CP] Copy Pods Resources */,
			);
			buildRules = (
			);
			dependencies = (
			);
			name = Gotaku;
			productName = Gotaku;
			productReference = 04ABA0371EDD10ED00A76546 /* Gotaku.app */;
			productType = "com.apple.product-type.application";
		};
/* End PBXNativeTarget section */

/* Begin PBXProject section */
		04ABA02F1EDD10ED00A76546 /* Project object */ = {
			isa = PBXProject;
			attributes = {
				LastSwiftUpdateCheck = 0830;
				LastUpgradeCheck = 0830;
				ORGANIZATIONNAME = Mac;
				TargetAttributes = {
					04ABA0361EDD10ED00A76546 = {
						CreatedOnToolsVersion = 8.3.2;
						ProvisioningStyle = Automatic;
					};
				};
			};
			buildConfigurationList = 04ABA0321EDD10ED00A76546 /* Build configuration list for PBXProject "Gotaku" */;
			compatibilityVersion = "Xcode 3.2";
			developmentRegion = English;
			hasScannedForEncodings = 0;
			knownRegions = (
				en,
				Base,
			);
			mainGroup = 04ABA02E1EDD10ED00A76546;
			productRefGroup = 04ABA0381EDD10ED00A76546 /* Products */;
			projectDirPath = "";
			projectRoot = "";
			targets = (
				04ABA0361EDD10ED00A76546 /* Gotaku */,
			);
		};
/* End PBXProject section */

/* Begin PBXResourcesBuildPhase section */
		04ABA0351EDD10ED00A76546 /* Resources */ = {
			isa = PBXResourcesBuildPhase;
			buildActionMask = 2147483647;
			files = (
				04ABA0451EDD10ED00A76546 /* LaunchScreen.storyboard in Resources */,
				04ABA04D1EDD114300A76546 /* GoogleService-Info.plist in Resources */,
				04ABA0421EDD10ED00A76546 /* Assets.xcassets in Resources */,
				04ABA0401EDD10ED00A76546 /* Main.storyboard in Resources */,
			);
			runOnlyForDeploymentPostprocessing = 0;
		};
/* End PBXResourcesBuildPhase section */

/* Begin PBXShellScriptBuildPhase section */
		130ADC117FEAEF037FE731AF /* [CP] Copy Pods Resources */ = {
			isa = PBXShellScriptBuildPhase;
			buildActionMask = 2147483647;
			files = (
			);
			inputPaths = (
			);
			name = "[CP] Copy Pods Resources";
			outputPaths = (
			);
			runOnlyForDeploymentPostprocessing = 0;
			shellPath = /bin/sh;
			shellScript = "\"${SRCROOT}/Pods/Target Support Files/Pods-Gotaku/Pods-Gotaku-resources.sh\"\n";
			showEnvVarsInLog = 0;
		};
		A2485E9D899432D20B621061 /* [CP] Embed Pods Frameworks */ = {
			isa = PBXShellScriptBuildPhase;
			buildActionMask = 2147483647;
			files = (
			);
			inputPaths = (
			);
			name = "[CP] Embed Pods Frameworks";
			outputPaths = (
			);
			runOnlyForDeploymentPostprocessing = 0;
			shellPath = /bin/sh;
			shellScript = "\"${SRCROOT}/Pods/Target Support Files/Pods-Gotaku/Pods-Gotaku-frameworks.sh\"\n";
			showEnvVarsInLog = 0;
		};
		E1F7433B46D52A61351FAE61 /* [CP] Check Pods Manifest.lock */ = {
			isa = PBXShellScriptBuildPhase;
			buildActionMask = 2147483647;
			files = (
			);
			inputPaths = (
			);
			name = "[CP] Check Pods Manifest.lock";
			outputPaths = (
			);
			runOnlyForDeploymentPostprocessing = 0;
			shellPath = /bin/sh;
			shellScript = "diff \"${PODS_PODFILE_DIR_PATH}/Podfile.lock\" \"${PODS_ROOT}/Manifest.lock\" > /dev/null\nif [ $? != 0 ] ; then\n    # print error to STDERR\n    echo \"error: The sandbox is not in sync with the Podfile.lock. Run 'pod install' or update your CocoaPods installation.\" >&2\n    exit 1\nfi\n";
			showEnvVarsInLog = 0;
		};
/* End PBXShellScriptBuildPhase section */

/* Begin PBXSourcesBuildPhase section */
		04ABA0331EDD10ED00A76546 /* Sources */ = {
			isa = PBXSourcesBuildPhase;
			buildActionMask = 2147483647;
			files = (
				045909B11EDFF87C00AE8EAE /* SignUpViewController.swift in Sources */,
				045909AD1EDFC82000AE8EAE /* ForgotPasswordViewController.swift in Sources */,
				045909B51EDFFA0F00AE8EAE /* DisplayPicViewController.swift in Sources */,
				043A097D1EDDEE8A00E5A30A /* MapViewController.swift in Sources */,
				04ABA03D1EDD10ED00A76546 /* SignInViewController.swift in Sources */,
				045909AF1EDFEAEE00AE8EAE /* LogInSignUpViewController.swift in Sources */,
				045909B31EDFF9D000AE8EAE /* DisplayNameViewController.swift in Sources */,
				04ABA03B1EDD10ED00A76546 /* AppDelegate.swift in Sources */,
			);
			runOnlyForDeploymentPostprocessing = 0;
		};
/* End PBXSourcesBuildPhase section */

/* Begin PBXVariantGroup section */
		04ABA03E1EDD10ED00A76546 /* Main.storyboard */ = {
			isa = PBXVariantGroup;
			children = (
				04ABA03F1EDD10ED00A76546 /* Base */,
			);
			name = Main.storyboard;
			sourceTree = "<group>";
		};
		04ABA0431EDD10ED00A76546 /* LaunchScreen.storyboard */ = {
			isa = PBXVariantGroup;
			children = (
				04ABA0441EDD10ED00A76546 /* Base */,
			);
			name = LaunchScreen.storyboard;
			sourceTree = "<group>";
		};
/* End PBXVariantGroup section */

/* Begin XCBuildConfiguration section */
		04ABA0471EDD10ED00A76546 /* Debug */ = {
			isa = XCBuildConfiguration;
			buildSettings = {
				ALWAYS_SEARCH_USER_PATHS = NO;
				CLANG_ANALYZER_NONNULL = YES;
				CLANG_ANALYZER_NUMBER_OBJECT_CONVERSION = YES_AGGRESSIVE;
				CLANG_CXX_LANGUAGE_STANDARD = "gnu++0x";
				CLANG_CXX_LIBRARY = "libc++";
				CLANG_ENABLE_MODULES = YES;
				CLANG_ENABLE_OBJC_ARC = YES;
				CLANG_WARN_BOOL_CONVERSION = YES;
				CLANG_WARN_CONSTANT_CONVERSION = YES;
				CLANG_WARN_DIRECT_OBJC_ISA_USAGE = YES_ERROR;
				CLANG_WARN_DOCUMENTATION_COMMENTS = YES;
				CLANG_WARN_EMPTY_BODY = YES;
				CLANG_WARN_ENUM_CONVERSION = YES;
				CLANG_WARN_INFINITE_RECURSION = YES;
				CLANG_WARN_INT_CONVERSION = YES;
				CLANG_WARN_OBJC_ROOT_CLASS = YES_ERROR;
				CLANG_WARN_SUSPICIOUS_MOVE = YES;
				CLANG_WARN_UNREACHABLE_CODE = YES;
				CLANG_WARN__DUPLICATE_METHOD_MATCH = YES;
				"CODE_SIGN_IDENTITY[sdk=iphoneos*]" = "iPhone Developer";
				COPY_PHASE_STRIP = NO;
				DEBUG_INFORMATION_FORMAT = dwarf;
				ENABLE_STRICT_OBJC_MSGSEND = YES;
				ENABLE_TESTABILITY = YES;
				GCC_C_LANGUAGE_STANDARD = gnu99;
				GCC_DYNAMIC_NO_PIC = NO;
				GCC_NO_COMMON_BLOCKS = YES;
				GCC_OPTIMIZATION_LEVEL = 0;
				GCC_PREPROCESSOR_DEFINITIONS = (
					"DEBUG=1",
					"$(inherited)",
				);
				GCC_WARN_64_TO_32_BIT_CONVERSION = YES;
				GCC_WARN_ABOUT_RETURN_TYPE = YES_ERROR;
				GCC_WARN_UNDECLARED_SELECTOR = YES;
				GCC_WARN_UNINITIALIZED_AUTOS = YES_AGGRESSIVE;
				GCC_WARN_UNUSED_FUNCTION = YES;
				GCC_WARN_UNUSED_VARIABLE = YES;
				IPHONEOS_DEPLOYMENT_TARGET = 10.3;
				MTL_ENABLE_DEBUG_INFO = YES;
				ONLY_ACTIVE_ARCH = YES;
				SDKROOT = iphoneos;
				SWIFT_ACTIVE_COMPILATION_CONDITIONS = DEBUG;
				SWIFT_OPTIMIZATION_LEVEL = "-Onone";
				TARGETED_DEVICE_FAMILY = "1,2";
			};
			name = Debug;
		};
		04ABA0481EDD10ED00A76546 /* Release */ = {
			isa = XCBuildConfiguration;
			buildSettings = {
				ALWAYS_SEARCH_USER_PATHS = NO;
				CLANG_ANALYZER_NONNULL = YES;
				CLANG_ANALYZER_NUMBER_OBJECT_CONVERSION = YES_AGGRESSIVE;
				CLANG_CXX_LANGUAGE_STANDARD = "gnu++0x";
				CLANG_CXX_LIBRARY = "libc++";
				CLANG_ENABLE_MODULES = YES;
				CLANG_ENABLE_OBJC_ARC = YES;
				CLANG_WARN_BOOL_CONVERSION = YES;
				CLANG_WARN_CONSTANT_CONVERSION = YES;
				CLANG_WARN_DIRECT_OBJC_ISA_USAGE = YES_ERROR;
				CLANG_WARN_DOCUMENTATION_COMMENTS = YES;
				CLANG_WARN_EMPTY_BODY = YES;
				CLANG_WARN_ENUM_CONVERSION = YES;
				CLANG_WARN_INFINITE_RECURSION = YES;
				CLANG_WARN_INT_CONVERSION = YES;
				CLANG_WARN_OBJC_ROOT_CLASS = YES_ERROR;
				CLANG_WARN_SUSPICIOUS_MOVE = YES;
				CLANG_WARN_UNREACHABLE_CODE = YES;
				CLANG_WARN__DUPLICATE_METHOD_MATCH = YES;
				"CODE_SIGN_IDENTITY[sdk=iphoneos*]" = "iPhone Developer";
				COPY_PHASE_STRIP = NO;
				DEBUG_INFORMATION_FORMAT = "dwarf-with-dsym";
				ENABLE_NS_ASSERTIONS = NO;
				ENABLE_STRICT_OBJC_MSGSEND = YES;
				GCC_C_LANGUAGE_STANDARD = gnu99;
				GCC_NO_COMMON_BLOCKS = YES;
				GCC_WARN_64_TO_32_BIT_CONVERSION = YES;
				GCC_WARN_ABOUT_RETURN_TYPE = YES_ERROR;
				GCC_WARN_UNDECLARED_SELECTOR = YES;
				GCC_WARN_UNINITIALIZED_AUTOS = YES_AGGRESSIVE;
				GCC_WARN_UNUSED_FUNCTION = YES;
				GCC_WARN_UNUSED_VARIABLE = YES;
				IPHONEOS_DEPLOYMENT_TARGET = 10.3;
				MTL_ENABLE_DEBUG_INFO = NO;
				SDKROOT = iphoneos;
				SWIFT_OPTIMIZATION_LEVEL = "-Owholemodule";
				TARGETED_DEVICE_FAMILY = "1,2";
				VALIDATE_PRODUCT = YES;
			};
			name = Release;
		};
		04ABA04A1EDD10ED00A76546 /* Debug */ = {
			isa = XCBuildConfiguration;
			baseConfigurationReference = 56ACEFC30004CA38D00D30E1 /* Pods-Gotaku.debug.xcconfig */;
			buildSettings = {
				ASSETCATALOG_COMPILER_APPICON_NAME = AppIcon;
				INFOPLIST_FILE = Gotaku/Info.plist;
				LD_RUNPATH_SEARCH_PATHS = "$(inherited) @executable_path/Frameworks";
				PRODUCT_BUNDLE_IDENTIFIER = Chartrunks.Gotaku;
				PRODUCT_NAME = "$(TARGET_NAME)";
				SWIFT_VERSION = 3.0;
			};
			name = Debug;
		};
		04ABA04B1EDD10ED00A76546 /* Release */ = {
			isa = XCBuildConfiguration;
			baseConfigurationReference = 632CDBC9AC9C0CFDF6DCB66F /* Pods-Gotaku.release.xcconfig */;
			buildSettings = {
				ASSETCATALOG_COMPILER_APPICON_NAME = AppIcon;
				INFOPLIST_FILE = Gotaku/Info.plist;
				LD_RUNPATH_SEARCH_PATHS = "$(inherited) @executable_path/Frameworks";
				PRODUCT_BUNDLE_IDENTIFIER = Chartrunks.Gotaku;
				PRODUCT_NAME = "$(TARGET_NAME)";
				SWIFT_VERSION = 3.0;
			};
			name = Release;
		};
/* End XCBuildConfiguration section */

/* Begin XCConfigurationList section */
		04ABA0321EDD10ED00A76546 /* Build configuration list for PBXProject "Gotaku" */ = {
			isa = XCConfigurationList;
			buildConfigurations = (
				04ABA0471EDD10ED00A76546 /* Debug */,
				04ABA0481EDD10ED00A76546 /* Release */,
			);
			defaultConfigurationIsVisible = 0;
			defaultConfigurationName = Release;
		};
		04ABA0491EDD10ED00A76546 /* Build configuration list for PBXNativeTarget "Gotaku" */ = {
			isa = XCConfigurationList;
			buildConfigurations = (
				04ABA04A1EDD10ED00A76546 /* Debug */,
				04ABA04B1EDD10ED00A76546 /* Release */,
			);
			defaultConfigurationIsVisible = 0;
			defaultConfigurationName = Release;
		};
/* End XCConfigurationList section */
	};
	rootObject = 04ABA02F1EDD10ED00A76546 /* Project object */;
}
